
Microsoft Visual Studio Solution File, Format Version 12.00
# Visual Studio Version 17
VisualStudioVersion = 17.0.32126.317
MinimumVisualStudioVersion = 10.0.40219.1
Project("{FAE04EC0-301F-11D3-BF4B-00C04F79EFBC}") = "Vehicles", "Vehicles\Vehicles.csproj", "{F353E9C3-1AAB-4938-8432-F0566AF0E809}"
EndProject
Global
	GlobalSection(SolutionConfigurationPlatforms) = preSolution
		Debug|Any CPU = Debug|Any CPU
		Release|Any CPU = Release|Any CPU
	EndGlobalSection
	GlobalSection(ProjectConfigurationPlatforms) = postSolution
		{F353E9C3-1AAB-4938-8432-F0566AF0E809}.Debug|Any CPU.ActiveCfg = Debug|Any CPU
		{F353E9C3-1AAB-4938-8432-F0566AF0E809}.Debug|Any CPU.Build.0 = Debug|Any CPU
		{F353E9C3-1AAB-4938-8432-F0566AF0E809}.Release|Any CPU.ActiveCfg = Release|Any CPU
		{F353E9C3-1AAB-4938-8432-F0566AF0E809}.Release|Any CPU.Build.0 = Release|Any CPU
	EndGlobalSection
	GlobalSection(SolutionProperties) = preSolution
		HideSolutionNode = FALSE
	EndGlobalSection
	GlobalSection(ExtensibilityGlobals) = postSolution
		SolutionGuid = {0A9D93D3-B2AD-4E0E-A160-D881AE260566}
	EndGlobalSection
EndGlobal
